// !$*UTF8*$!
{
	archiveVersion = 1;
	classes = {
	};
	objectVersion = 50;
	objects = {

/* Begin PBXBuildFile section */
		633BB02724BE4C5E00FBEE3E /* AppDelegate.swift in Sources */ = {isa = PBXBuildFile; fileRef = 633BB02624BE4C5E00FBEE3E /* AppDelegate.swift */; };
		633BB02924BE4C5E00FBEE3E /* SceneDelegate.swift in Sources */ = {isa = PBXBuildFile; fileRef = 633BB02824BE4C5E00FBEE3E /* SceneDelegate.swift */; };
		633BB02B24BE4C5E00FBEE3E /* ViewController.swift in Sources */ = {isa = PBXBuildFile; fileRef = 633BB02A24BE4C5E00FBEE3E /* ViewController.swift */; };
		633BB02E24BE4C5E00FBEE3E /* Main.storyboard in Resources */ = {isa = PBXBuildFile; fileRef = 633BB02C24BE4C5E00FBEE3E /* Main.storyboard */; };
		633BB03024BE4C5F00FBEE3E /* Assets.xcassets in Resources */ = {isa = PBXBuildFile; fileRef = 633BB02F24BE4C5F00FBEE3E /* Assets.xcassets */; };
		633BB03324BE4C5F00FBEE3E /* LaunchScreen.storyboard in Resources */ = {isa = PBXBuildFile; fileRef = 633BB03124BE4C5F00FBEE3E /* LaunchScreen.storyboard */; };
/* End PBXBuildFile section */

/* Begin PBXFileReference section */
		633BB02324BE4C5E00FBEE3E /* Fruitful.app */ = {isa = PBXFileReference; explicitFileType = wrapper.application; includeInIndex = 0; path = Fruitful.app; sourceTree = BUILT_PRODUCTS_DIR; };
		633BB02624BE4C5E00FBEE3E /* AppDelegate.swift */ = {isa = PBXFileReference; lastKnownFileType = sourcecode.swift; path = AppDelegate.swift; sourceTree = "<group>"; };
		633BB02824BE4C5E00FBEE3E /* SceneDelegate.swift */ = {isa = PBXFileReference; lastKnownFileType = sourcecode.swift; path = SceneDelegate.swift; sourceTree = "<group>"; };
		633BB02A24BE4C5E00FBEE3E /* ViewController.swift */ = {isa = PBXFileReference; lastKnownFileType = sourcecode.swift; path = ViewController.swift; sourceTree = "<group>"; };
		633BB02D24BE4C5E00FBEE3E /* Base */ = {isa = PBXFileReference; lastKnownFileType = file.storyboard; name = Base; path = Base.lproj/Main.storyboard; sourceTree = "<group>"; };
		633BB02F24BE4C5F00FBEE3E /* Assets.xcassets */ = {isa = PBXFileReference; lastKnownFileType = folder.assetcatalog; path = Assets.xcassets; sourceTree = "<group>"; };
		633BB03224BE4C5F00FBEE3E /* Base */ = {isa = PBXFileReference; lastKnownFileType = file.storyboard; name = Base; path = Base.lproj/LaunchScreen.storyboard; sourceTree = "<group>"; };
		633BB03424BE4C5F00FBEE3E /* Info.plist */ = {isa = PBXFileReference; lastKnownFileType = text.plist.xml; path = Info.plist; sourceTree = "<group>"; };
		63877E4924BF87410082A4E9 /* Fruitful.entitlements */ = {isa = PBXFileReference; lastKnownFileType = text.plist.entitlements; path = Fruitful.entitlements; sourceTree = "<group>"; };
/* End PBXFileReference section */

/* Begin PBXFrameworksBuildPhase section */
		633BB02024BE4C5E00FBEE3E /* Frameworks */ = {
			isa = PBXFrameworksBuildPhase;
			buildActionMask = 2147483647;
			files = (
			);
			runOnlyForDeploymentPostprocessing = 0;
		};
/* End PBXFrameworksBuildPhase section */

/* Begin PBXGroup section */
		633BB01A24BE4C5E00FBEE3E = {
			isa = PBXGroup;
			children = (
				633BB02524BE4C5E00FBEE3E /* Fruitful */,
				633BB02424BE4C5E00FBEE3E /* Products */,
			);
			sourceTree = "<group>";
		};
		633BB02424BE4C5E00FBEE3E /* Products */ = {
			isa = PBXGroup;
			children = (
				633BB02324BE4C5E00FBEE3E /* Fruitful.app */,
			);
			name = Products;
			sourceTree = "<group>";
		};
		633BB02524BE4C5E00FBEE3E /* Fruitful */ = {
			isa = PBXGroup;
			children = (
				63877E4924BF87410082A4E9 /* Fruitful.entitlements */,
				633BB02624BE4C5E00FBEE3E /* AppDelegate.swift */,
				633BB02824BE4C5E00FBEE3E /* SceneDelegate.swift */,
				633BB02A24BE4C5E00FBEE3E /* ViewController.swift */,
				633BB02C24BE4C5E00FBEE3E /* Main.storyboard */,
				633BB02F24BE4C5F00FBEE3E /* Assets.xcassets */,
				633BB03124BE4C5F00FBEE3E /* LaunchScreen.storyboard */,
				633BB03424BE4C5F00FBEE3E /* Info.plist */,
			);
			path = Fruitful;
			sourceTree = "<group>";
		};
/* End PBXGroup section */

/* Begin PBXNativeTarget section */
		633BB02224BE4C5E00FBEE3E /* Fruitful */ = {
			isa = PBXNativeTarget;
			buildConfigurationList = 633BB03724BE4C5F00FBEE3E /* Build configuration list for PBXNativeTarget "Fruitful" */;
			buildPhases = (
				633BB01F24BE4C5E00FBEE3E /* Sources */,
				633BB02024BE4C5E00FBEE3E /* Frameworks */,
				633BB02124BE4C5E00FBEE3E /* Resources */,
			);
			buildRules = (
			);
			dependencies = (
			);
			name = Fruitful;
			productName = Fruitful;
			productReference = 633BB02324BE4C5E00FBEE3E /* Fruitful.app */;
			productType = "com.apple.product-type.application";
		};
/* End PBXNativeTarget section */

/* Begin PBXProject section */
		633BB01B24BE4C5E00FBEE3E /* Project object */ = {
			isa = PBXProject;
			attributes = {
				LastSwiftUpdateCheck = 1150;
				LastUpgradeCheck = 1150;
				ORGANIZATIONNAME = "David Bauducco";
				TargetAttributes = {
					633BB02224BE4C5E00FBEE3E = {
						CreatedOnToolsVersion = 11.5;
					};
				};
			};
			buildConfigurationList = 633BB01E24BE4C5E00FBEE3E /* Build configuration list for PBXProject "Fruitful" */;
			compatibilityVersion = "Xcode 9.3";
			developmentRegion = en;
			hasScannedForEncodings = 0;
			knownRegions = (
				en,
				Base,
			);
			mainGroup = 633BB01A24BE4C5E00FBEE3E;
			productRefGroup = 633BB02424BE4C5E00FBEE3E /* Products */;
			projectDirPath = "";
			projectRoot = "";
			targets = (
				633BB02224BE4C5E00FBEE3E /* Fruitful */,
			);
		};
/* End PBXProject section */

/* Begin PBXResourcesBuildPhase section */
		633BB02124BE4C5E00FBEE3E /* Resources */ = {
			isa = PBXResourcesBuildPhase;
			buildActionMask = 2147483647;
			files = (
				633BB03324BE4C5F00FBEE3E /* LaunchScreen.storyboard in Resources */,
				633BB03024BE4C5F00FBEE3E /* Assets.xcassets in Resources */,
				633BB02E24BE4C5E00FBEE3E /* Main.storyboard in Resources */,
			);
			runOnlyForDeploymentPostprocessing = 0;
		};
/* End PBXResourcesBuildPhase section */

/* Begin PBXSourcesBuildPhase section */
		633BB01F24BE4C5E00FBEE3E /* Sources */ = {
			isa = PBXSourcesBuildPhase;
			buildActionMask = 2147483647;
			files = (
				633BB02B24BE4C5E00FBEE3E /* ViewController.swift in Sources */,
				633BB02724BE4C5E00FBEE3E /* AppDelegate.swift in Sources */,
				633BB02924BE4C5E00FBEE3E /* SceneDelegate.swift in Sources */,
			);
			runOnlyForDeploymentPostprocessing = 0;
		};
/* End PBXSourcesBuildPhase section */

/* Begin PBXVariantGroup section */
		633BB02C24BE4C5E00FBEE3E /* Main.storyboard */ = {
			isa = PBXVariantGroup;
			children = (
				633BB02D24BE4C5E00FBEE3E /* Base */,
			);
			name = Main.storyboard;
			sourceTree = "<group>";
		};
		633BB03124BE4C5F00FBEE3E /* LaunchScreen.storyboard */ = {
			isa = PBXVariantGroup;
			children = (
				633BB03224BE4C5F00FBEE3E /* Base */,
			);
			name = LaunchScreen.storyboard;
			sourceTree = "<group>";
		};
/* End PBXVariantGroup section */

/* Begin XCBuildConfiguration section */
		633BB03524BE4C5F00FBEE3E /* Debug */ = {
			isa = XCBuildConfiguration;
			buildSettings = {
				ALWAYS_SEARCH_USER_PATHS = NO;
				CLANG_ANALYZER_NONNULL = YES;
				CLANG_ANALYZER_NUMBER_OBJECT_CONVERSION = YES_AGGRESSIVE;
				CLANG_CXX_LANGUAGE_STANDARD = "gnu++14";
				CLANG_CXX_LIBRARY = "libc++";
				CLANG_ENABLE_MODULES = YES;
				CLANG_ENABLE_OBJC_ARC = YES;
				CLANG_ENABLE_OBJC_WEAK = YES;
				CLANG_WARN_BLOCK_CAPTURE_AUTORELEASING = YES;
				CLANG_WARN_BOOL_CONVERSION = YES;
				CLANG_WARN_COMMA = YES;
				CLANG_WARN_CONSTANT_CONVERSION = YES;
				CLANG_WARN_DEPRECATED_OBJC_IMPLEMENTATIONS = YES;
				CLANG_WARN_DIRECT_OBJC_ISA_USAGE = YES_ERROR;
				CLANG_WARN_DOCUMENTATION_COMMENTS = YES;
				CLANG_WARN_EMPTY_BODY = YES;
				CLANG_WARN_ENUM_CONVERSION = YES;
				CLANG_WARN_INFINITE_RECURSION = YES;
				CLANG_WARN_INT_CONVERSION = YES;
				CLANG_WARN_NON_LITERAL_NULL_CONVERSION = YES;
				CLANG_WARN_OBJC_IMPLICIT_RETAIN_SELF = YES;
				CLANG_WARN_OBJC_LITERAL_CONVERSION = YES;
				CLANG_WARN_OBJC_ROOT_CLASS = YES_ERROR;
				CLANG_WARN_RANGE_LOOP_ANALYSIS = YES;
				CLANG_WARN_STRICT_PROTOTYPES = YES;
				CLANG_WARN_SUSPICIOUS_MOVE = YES;
				CLANG_WARN_UNGUARDED_AVAILABILITY = YES_AGGRESSIVE;
				CLANG_WARN_UNREACHABLE_CODE = YES;
				CLANG_WARN__DUPLICATE_METHOD_MATCH = YES;
				COPY_PHASE_STRIP = NO;
				DEBUG_INFORMATION_FORMAT = dwarf;
				ENABLE_STRICT_OBJC_MSGSEND = YES;
				ENABLE_TESTABILITY = YES;
				GCC_C_LANGUAGE_STANDARD = gnu11;
				GCC_DYNAMIC_NO_PIC = NO;
				GCC_NO_COMMON_BLOCKS = YES;
				GCC_OPTIMIZATION_LEVEL = 0;
				GCC_PREPROCESSOR_DEFINITIONS = (
					"DEBUG=1",
					"$(inherited)",
				);
				GCC_WARN_64_TO_32_BIT_CONVERSION = YES;
				GCC_WARN_ABOUT_RETURN_TYPE = YES_ERROR;
				GCC_WARN_UNDECLARED_SELECTOR = YES;
				GCC_WARN_UNINITIALIZED_AUTOS = YES_AGGRESSIVE;
				GCC_WARN_UNUSED_FUNCTION = YES;
				GCC_WARN_UNUSED_VARIABLE = YES;
				IPHONEOS_DEPLOYMENT_TARGET = 13.5;
				MTL_ENABLE_DEBUG_INFO = INCLUDE_SOURCE;
				MTL_FAST_MATH = YES;
				ONLY_ACTIVE_ARCH = YES;
				SDKROOT = iphoneos;
				SWIFT_ACTIVE_COMPILATION_CONDITIONS = DEBUG;
				SWIFT_OPTIMIZATION_LEVEL = "-Onone";
			};
			name = Debug;
		};
		633BB03624BE4C5F00FBEE3E /* Release */ = {
			isa = XCBuildConfiguration;
			buildSettings = {
				ALWAYS_SEARCH_USER_PATHS = NO;
				CLANG_ANALYZER_NONNULL = YES;
				CLANG_ANALYZER_NUMBER_OBJECT_CONVERSION = YES_AGGRESSIVE;
				CLANG_CXX_LANGUAGE_STANDARD = "gnu++14";
				CLANG_CXX_LIBRARY = "libc++";
				CLANG_ENABLE_MODULES = YES;
				CLANG_ENABLE_OBJC_ARC = YES;
				CLANG_ENABLE_OBJC_WEAK = YES;
				CLANG_WARN_BLOCK_CAPTURE_AUTORELEASING = YES;
				CLANG_WARN_BOOL_CONVERSION = YES;
				CLANG_WARN_COMMA = YES;
				CLANG_WARN_CONSTANT_CONVERSION = YES;
				CLANG_WARN_DEPRECATED_OBJC_IMPLEMENTATIONS = YES;
				CLANG_WARN_DIRECT_OBJC_ISA_USAGE = YES_ERROR;
				CLANG_WARN_DOCUMENTATION_COMMENTS = YES;
				CLANG_WARN_EMPTY_BODY = YES;
				CLANG_WARN_ENUM_CONVERSION = YES;
				CLANG_WARN_INFINITE_RECURSION = YES;
				CLANG_WARN_INT_CONVERSION = YES;
				CLANG_WARN_NON_LITERAL_NULL_CONVERSION = YES;
				CLANG_WARN_OBJC_IMPLICIT_RETAIN_SELF = YES;
				CLANG_WARN_OBJC_LITERAL_CONVERSION = YES;
				CLANG_WARN_OBJC_ROOT_CLASS = YES_ERROR;
				CLANG_WARN_RANGE_LOOP_ANALYSIS = YES;
				CLANG_WARN_STRICT_PROTOTYPES = YES;
				CLANG_WARN_SUSPICIOUS_MOVE = YES;
				CLANG_WARN_UNGUARDED_AVAILABILITY = YES_AGGRESSIVE;
				CLANG_WARN_UNREACHABLE_CODE = YES;
				CLANG_WARN__DUPLICATE_METHOD_MATCH = YES;
				COPY_PHASE_STRIP = NO;
				DEBUG_INFORMATION_FORMAT = "dwarf-with-dsym";
				ENABLE_NS_ASSERTIONS = NO;
				ENABLE_STRICT_OBJC_MSGSEND = YES;
				GCC_C_LANGUAGE_STANDARD = gnu11;
				GCC_NO_COMMON_BLOCKS = YES;
				GCC_WARN_64_TO_32_BIT_CONVERSION = YES;
				GCC_WARN_ABOUT_RETURN_TYPE = YES_ERROR;
				GCC_WARN_UNDECLARED_SELECTOR = YES;
				GCC_WARN_UNINITIALIZED_AUTOS = YES_AGGRESSIVE;
				GCC_WARN_UNUSED_FUNCTION = YES;
				GCC_WARN_UNUSED_VARIABLE = YES;
				IPHONEOS_DEPLOYMENT_TARGET = 13.5;
				MTL_ENABLE_DEBUG_INFO = NO;
				MTL_FAST_MATH = YES;
				SDKROOT = iphoneos;
				SWIFT_COMPILATION_MODE = wholemodule;
				SWIFT_OPTIMIZATION_LEVEL = "-O";
				VALIDATE_PRODUCT = YES;
			};
			name = Release;
		};
		633BB03824BE4C5F00FBEE3E /* Debug */ = {
			isa = XCBuildConfiguration;
			buildSettings = {
				ASSETCATALOG_COMPILER_APPICON_NAME = AppIcon;
				CODE_SIGN_ENTITLEMENTS = Fruitful/Fruitful.entitlements;
				CODE_SIGN_STYLE = Automatic;
				DEVELOPMENT_TEAM = UJZ9PXW3DE;
				INFOPLIST_FILE = Fruitful/Info.plist;
				IPHONEOS_DEPLOYMENT_TARGET = 9.3;
				LD_RUNPATH_SEARCH_PATHS = (
					"$(inherited)",
					"@executable_path/Frameworks",
				);
				PRODUCT_BUNDLE_IDENTIFIER = com.davidbauducco.Fruitful;
				PRODUCT_NAME = "$(TARGET_NAME)";
				SUPPORTS_MACCATALYST = YES;
				SWIFT_VERSION = 4.0;
				TARGETED_DEVICE_FAMILY = "1,2";
			};
			name = Debug;
		};
		633BB03924BE4C5F00FBEE3E /* Release */ = {
			isa = XCBuildConfiguration;
			buildSettings = {
				ASSETCATALOG_COMPILER_APPICON_NAME = AppIcon;
				CODE_SIGN_ENTITLEMENTS = Fruitful/Fruitful.entitlements;
				CODE_SIGN_STYLE = Automatic;
				DEVELOPMENT_TEAM = UJZ9PXW3DE;
				INFOPLIST_FILE = Fruitful/Info.plist;
				IPHONEOS_DEPLOYMENT_TARGET = 9.3;
				LD_RUNPATH_SEARCH_PATHS = (
					"$(inherited)",
					"@executable_path/Frameworks",
				);
				PRODUCT_BUNDLE_IDENTIFIER = com.davidbauducco.Fruitful;
				PRODUCT_NAME = "$(TARGET_NAME)";
				SUPPORTS_MACCATALYST = YES;
				SWIFT_VERSION = 4.0;
				TARGETED_DEVICE_FAMILY = "1,2";
			};
			name = Release;
		};
/* End XCBuildConfiguration section */

/* Begin XCConfigurationList section */
		633BB01E24BE4C5E00FBEE3E /* Build configuration list for PBXProject "Fruitful" */ = {
			isa = XCConfigurationList;
			buildConfigurations = (
				633BB03524BE4C5F00FBEE3E /* Debug */,
				633BB03624BE4C5F00FBEE3E /* Release */,
			);
			defaultConfigurationIsVisible = 0;
			defaultConfigurationName = Release;
		};
		633BB03724BE4C5F00FBEE3E /* Build configuration list for PBXNativeTarget "Fruitful" */ = {
			isa = XCConfigurationList;
			buildConfigurations = (
				633BB03824BE4C5F00FBEE3E /* Debug */,
				633BB03924BE4C5F00FBEE3E /* Release */,
			);
			defaultConfigurationIsVisible = 0;
			defaultConfigurationName = Release;
		};
/* End XCConfigurationList section */
	};
	rootObject = 633BB01B24BE4C5E00FBEE3E /* Project object */;
}
